
Microsoft Visual Studio Solution File, Format Version 12.00
# Visual Studio Version 17
VisualStudioVersion = 17.11.35208.52
MinimumVisualStudioVersion = 10.0.40219.1
Project("{FAE04EC0-301F-11D3-BF4B-00C04F79EFBC}") = "SerilogExample6AmBatch", "SerilogExample6AmBatch\SerilogExample6AmBatch.csproj", "{D910A5CA-63E6-4F57-A924-E4D977309388}"
EndProject
Global
	GlobalSection(SolutionConfigurationPlatforms) = preSolution
		Debug|Any CPU = Debug|Any CPU
		Release|Any CPU = Release|Any CPU
	EndGlobalSection
	GlobalSection(ProjectConfigurationPlatforms) = postSolution
		{D910A5CA-63E6-4F57-A924-E4D977309388}.Debug|Any CPU.ActiveCfg = Debug|Any CPU
		{D910A5CA-63E6-4F57-A924-E4D977309388}.Debug|Any CPU.Build.0 = Debug|Any CPU
		{D910A5CA-63E6-4F57-A924-E4D977309388}.Release|Any CPU.ActiveCfg = Release|Any CPU
		{D910A5CA-63E6-4F57-A924-E4D977309388}.Release|Any CPU.Build.0 = Release|Any CPU
	EndGlobalSection
	GlobalSection(SolutionProperties) = preSolution
		HideSolutionNode = FALSE
	EndGlobalSection
	GlobalSection(ExtensibilityGlobals) = postSolution
		SolutionGuid = {AB544C54-6279-4D35-AB99-224BCA350B4F}
	EndGlobalSection
EndGlobal
